// !$*UTF8*$!
{
	archiveVersion = 1;
	classes = {
	};
	objectVersion = 48;
	objects = {

/* Begin PBXBuildFile section */
		0419402F219D1E4E0069B608 /* AppDelegate.swift in Sources */ = {isa = PBXBuildFile; fileRef = 0419402E219D1E4E0069B608 /* AppDelegate.swift */; };
		04194034219D1E4E0069B608 /* Main.storyboard in Resources */ = {isa = PBXBuildFile; fileRef = 04194032219D1E4E0069B608 /* Main.storyboard */; };
		04194036219D1E4E0069B608 /* Assets.xcassets in Resources */ = {isa = PBXBuildFile; fileRef = 04194035219D1E4E0069B608 /* Assets.xcassets */; };
		04194039219D1E4E0069B608 /* LaunchScreen.storyboard in Resources */ = {isa = PBXBuildFile; fileRef = 04194037219D1E4E0069B608 /* LaunchScreen.storyboard */; };
		04194044219D1F1B0069B608 /* ManHinh1ViewController.swift in Sources */ = {isa = PBXBuildFile; fileRef = 04194043219D1F1B0069B608 /* ManHinh1ViewController.swift */; };
		04194046219D1F330069B608 /* ManHinh2ViewController.swift in Sources */ = {isa = PBXBuildFile; fileRef = 04194045219D1F330069B608 /* ManHinh2ViewController.swift */; };
/* End PBXBuildFile section */

/* Begin PBXFileReference section */
		0419402B219D1E4E0069B608 /* ScreenSwitchNoStoryboard.app */ = {isa = PBXFileReference; explicitFileType = wrapper.application; includeInIndex = 0; path = ScreenSwitchNoStoryboard.app; sourceTree = BUILT_PRODUCTS_DIR; };
		0419402E219D1E4E0069B608 /* AppDelegate.swift */ = {isa = PBXFileReference; lastKnownFileType = sourcecode.swift; path = AppDelegate.swift; sourceTree = "<group>"; };
		04194033219D1E4E0069B608 /* Base */ = {isa = PBXFileReference; lastKnownFileType = file.storyboard; name = Base; path = Base.lproj/Main.storyboard; sourceTree = "<group>"; };
		04194035219D1E4E0069B608 /* Assets.xcassets */ = {isa = PBXFileReference; lastKnownFileType = folder.assetcatalog; path = Assets.xcassets; sourceTree = "<group>"; };
		04194038219D1E4E0069B608 /* Base */ = {isa = PBXFileReference; lastKnownFileType = file.storyboard; name = Base; path = Base.lproj/LaunchScreen.storyboard; sourceTree = "<group>"; };
		0419403A219D1E4E0069B608 /* Info.plist */ = {isa = PBXFileReference; lastKnownFileType = text.plist.xml; path = Info.plist; sourceTree = "<group>"; };
		04194043219D1F1B0069B608 /* ManHinh1ViewController.swift */ = {isa = PBXFileReference; lastKnownFileType = sourcecode.swift; path = ManHinh1ViewController.swift; sourceTree = "<group>"; };
		04194045219D1F330069B608 /* ManHinh2ViewController.swift */ = {isa = PBXFileReference; lastKnownFileType = sourcecode.swift; path = ManHinh2ViewController.swift; sourceTree = "<group>"; };
/* End PBXFileReference section */

/* Begin PBXFrameworksBuildPhase section */
		04194028219D1E4E0069B608 /* Frameworks */ = {
			isa = PBXFrameworksBuildPhase;
			buildActionMask = 2147483647;
			files = (
			);
			runOnlyForDeploymentPostprocessing = 0;
		};
/* End PBXFrameworksBuildPhase section */

/* Begin PBXGroup section */
		04194022219D1E4E0069B608 = {
			isa = PBXGroup;
			children = (
				0419402D219D1E4E0069B608 /* ScreenSwitchNoStoryboard */,
				0419402C219D1E4E0069B608 /* Products */,
			);
			sourceTree = "<group>";
		};
		0419402C219D1E4E0069B608 /* Products */ = {
			isa = PBXGroup;
			children = (
				0419402B219D1E4E0069B608 /* ScreenSwitchNoStoryboard.app */,
			);
			name = Products;
			sourceTree = "<group>";
		};
		0419402D219D1E4E0069B608 /* ScreenSwitchNoStoryboard */ = {
			isa = PBXGroup;
			children = (
				04194041219D1EF90069B608 /* ManHinh1 */,
				04194042219D1F020069B608 /* ManHinh2 */,
				04194040219D1E550069B608 /* Support */,
			);
			path = ScreenSwitchNoStoryboard;
			sourceTree = "<group>";
		};
		04194040219D1E550069B608 /* Support */ = {
			isa = PBXGroup;
			children = (
				0419402E219D1E4E0069B608 /* AppDelegate.swift */,
				04194032219D1E4E0069B608 /* Main.storyboard */,
				04194035219D1E4E0069B608 /* Assets.xcassets */,
				04194037219D1E4E0069B608 /* LaunchScreen.storyboard */,
				0419403A219D1E4E0069B608 /* Info.plist */,
			);
			path = Support;
			sourceTree = "<group>";
		};
		04194041219D1EF90069B608 /* ManHinh1 */ = {
			isa = PBXGroup;
			children = (
				04194043219D1F1B0069B608 /* ManHinh1ViewController.swift */,
			);
			path = ManHinh1;
			sourceTree = "<group>";
		};
		04194042219D1F020069B608 /* ManHinh2 */ = {
			isa = PBXGroup;
			children = (
				04194045219D1F330069B608 /* ManHinh2ViewController.swift */,
			);
			path = ManHinh2;
			sourceTree = "<group>";
		};
/* End PBXGroup section */

/* Begin PBXNativeTarget section */
		0419402A219D1E4E0069B608 /* ScreenSwitchNoStoryboard */ = {
			isa = PBXNativeTarget;
			buildConfigurationList = 0419403D219D1E4E0069B608 /* Build configuration list for PBXNativeTarget "ScreenSwitchNoStoryboard" */;
			buildPhases = (
				04194027219D1E4E0069B608 /* Sources */,
				04194028219D1E4E0069B608 /* Frameworks */,
				04194029219D1E4E0069B608 /* Resources */,
			);
			buildRules = (
			);
			dependencies = (
			);
			name = ScreenSwitchNoStoryboard;
			productName = ScreenSwitchNoStoryboard;
			productReference = 0419402B219D1E4E0069B608 /* ScreenSwitchNoStoryboard.app */;
			productType = "com.apple.product-type.application";
		};
/* End PBXNativeTarget section */

/* Begin PBXProject section */
		04194023219D1E4E0069B608 /* Project object */ = {
			isa = PBXProject;
			attributes = {
				LastSwiftUpdateCheck = 0920;
				LastUpgradeCheck = 0920;
				ORGANIZATIONNAME = mac;
				TargetAttributes = {
					0419402A219D1E4E0069B608 = {
						CreatedOnToolsVersion = 9.2;
						ProvisioningStyle = Automatic;
					};
				};
			};
			buildConfigurationList = 04194026219D1E4E0069B608 /* Build configuration list for PBXProject "ScreenSwitchNoStoryboard" */;
			compatibilityVersion = "Xcode 8.0";
			developmentRegion = en;
			hasScannedForEncodings = 0;
			knownRegions = (
				en,
				Base,
			);
			mainGroup = 04194022219D1E4E0069B608;
			productRefGroup = 0419402C219D1E4E0069B608 /* Products */;
			projectDirPath = "";
			projectRoot = "";
			targets = (
				0419402A219D1E4E0069B608 /* ScreenSwitchNoStoryboard */,
			);
		};
/* End PBXProject section */

/* Begin PBXResourcesBuildPhase section */
		04194029219D1E4E0069B608 /* Resources */ = {
			isa = PBXResourcesBuildPhase;
			buildActionMask = 2147483647;
			files = (
				04194039219D1E4E0069B608 /* LaunchScreen.storyboard in Resources */,
				04194036219D1E4E0069B608 /* Assets.xcassets in Resources */,
				04194034219D1E4E0069B608 /* Main.storyboard in Resources */,
			);
			runOnlyForDeploymentPostprocessing = 0;
		};
/* End PBXResourcesBuildPhase section */

/* Begin PBXSourcesBuildPhase section */
		04194027219D1E4E0069B608 /* Sources */ = {
			isa = PBXSourcesBuildPhase;
			buildActionMask = 2147483647;
			files = (
				04194044219D1F1B0069B608 /* ManHinh1ViewController.swift in Sources */,
				0419402F219D1E4E0069B608 /* AppDelegate.swift in Sources */,
				04194046219D1F330069B608 /* ManHinh2ViewController.swift in Sources */,
			);
			runOnlyForDeploymentPostprocessing = 0;
		};
/* End PBXSourcesBuildPhase section */

/* Begin PBXVariantGroup section */
		04194032219D1E4E0069B608 /* Main.storyboard */ = {
			isa = PBXVariantGroup;
			children = (
				04194033219D1E4E0069B608 /* Base */,
			);
			name = Main.storyboard;
			sourceTree = "<group>";
		};
		04194037219D1E4E0069B608 /* LaunchScreen.storyboard */ = {
			isa = PBXVariantGroup;
			children = (
				04194038219D1E4E0069B608 /* Base */,
			);
			name = LaunchScreen.storyboard;
			sourceTree = "<group>";
		};
/* End PBXVariantGroup section */

/* Begin XCBuildConfiguration section */
		0419403B219D1E4E0069B608 /* Debug */ = {
			isa = XCBuildConfiguration;
			buildSettings = {
				ALWAYS_SEARCH_USER_PATHS = NO;
				CLANG_ANALYZER_NONNULL = YES;
				CLANG_ANALYZER_NUMBER_OBJECT_CONVERSION = YES_AGGRESSIVE;
				CLANG_CXX_LANGUAGE_STANDARD = "gnu++14";
				CLANG_CXX_LIBRARY = "libc++";
				CLANG_ENABLE_MODULES = YES;
				CLANG_ENABLE_OBJC_ARC = YES;
				CLANG_WARN_BLOCK_CAPTURE_AUTORELEASING = YES;
				CLANG_WARN_BOOL_CONVERSION = YES;
				CLANG_WARN_COMMA = YES;
				CLANG_WARN_CONSTANT_CONVERSION = YES;
				CLANG_WARN_DIRECT_OBJC_ISA_USAGE = YES_ERROR;
				CLANG_WARN_DOCUMENTATION_COMMENTS = YES;
				CLANG_WARN_EMPTY_BODY = YES;
				CLANG_WARN_ENUM_CONVERSION = YES;
				CLANG_WARN_INFINITE_RECURSION = YES;
				CLANG_WARN_INT_CONVERSION = YES;
				CLANG_WARN_NON_LITERAL_NULL_CONVERSION = YES;
				CLANG_WARN_OBJC_LITERAL_CONVERSION = YES;
				CLANG_WARN_OBJC_ROOT_CLASS = YES_ERROR;
				CLANG_WARN_RANGE_LOOP_ANALYSIS = YES;
				CLANG_WARN_STRICT_PROTOTYPES = YES;
				CLANG_WARN_SUSPICIOUS_MOVE = YES;
				CLANG_WARN_UNGUARDED_AVAILABILITY = YES_AGGRESSIVE;
				CLANG_WARN_UNREACHABLE_CODE = YES;
				CLANG_WARN__DUPLICATE_METHOD_MATCH = YES;
				CODE_SIGN_IDENTITY = "iPhone Developer";
				COPY_PHASE_STRIP = NO;
				DEBUG_INFORMATION_FORMAT = dwarf;
				ENABLE_STRICT_OBJC_MSGSEND = YES;
				ENABLE_TESTABILITY = YES;
				GCC_C_LANGUAGE_STANDARD = gnu11;
				GCC_DYNAMIC_NO_PIC = NO;
				GCC_NO_COMMON_BLOCKS = YES;
				GCC_OPTIMIZATION_LEVEL = 0;
				GCC_PREPROCESSOR_DEFINITIONS = (
					"DEBUG=1",
					"$(inherited)",
				);
				GCC_WARN_64_TO_32_BIT_CONVERSION = YES;
				GCC_WARN_ABOUT_RETURN_TYPE = YES_ERROR;
				GCC_WARN_UNDECLARED_SELECTOR = YES;
				GCC_WARN_UNINITIALIZED_AUTOS = YES_AGGRESSIVE;
				GCC_WARN_UNUSED_FUNCTION = YES;
				GCC_WARN_UNUSED_VARIABLE = YES;
				IPHONEOS_DEPLOYMENT_TARGET = 11.2;
				MTL_ENABLE_DEBUG_INFO = YES;
				ONLY_ACTIVE_ARCH = YES;
				SDKROOT = iphoneos;
				SWIFT_ACTIVE_COMPILATION_CONDITIONS = DEBUG;
				SWIFT_OPTIMIZATION_LEVEL = "-Onone";
			};
			name = Debug;
		};
		0419403C219D1E4E0069B608 /* Release */ = {
			isa = XCBuildConfiguration;
			buildSettings = {
				ALWAYS_SEARCH_USER_PATHS = NO;
				CLANG_ANALYZER_NONNULL = YES;
				CLANG_ANALYZER_NUMBER_OBJECT_CONVERSION = YES_AGGRESSIVE;
				CLANG_CXX_LANGUAGE_STANDARD = "gnu++14";
				CLANG_CXX_LIBRARY = "libc++";
				CLANG_ENABLE_MODULES = YES;
				CLANG_ENABLE_OBJC_ARC = YES;
				CLANG_WARN_BLOCK_CAPTURE_AUTORELEASING = YES;
				CLANG_WARN_BOOL_CONVERSION = YES;
				CLANG_WARN_COMMA = YES;
				CLANG_WARN_CONSTANT_CONVERSION = YES;
				CLANG_WARN_DIRECT_OBJC_ISA_USAGE = YES_ERROR;
				CLANG_WARN_DOCUMENTATION_COMMENTS = YES;
				CLANG_WARN_EMPTY_BODY = YES;
				CLANG_WARN_ENUM_CONVERSION = YES;
				CLANG_WARN_INFINITE_RECURSION = YES;
				CLANG_WARN_INT_CONVERSION = YES;
				CLANG_WARN_NON_LITERAL_NULL_CONVERSION = YES;
				CLANG_WARN_OBJC_LITERAL_CONVERSION = YES;
				CLANG_WARN_OBJC_ROOT_CLASS = YES_ERROR;
				CLANG_WARN_RANGE_LOOP_ANALYSIS = YES;
				CLANG_WARN_STRICT_PROTOTYPES = YES;
				CLANG_WARN_SUSPICIOUS_MOVE = YES;
				CLANG_WARN_UNGUARDED_AVAILABILITY = YES_AGGRESSIVE;
				CLANG_WARN_UNREACHABLE_CODE = YES;
				CLANG_WARN__DUPLICATE_METHOD_MATCH = YES;
				CODE_SIGN_IDENTITY = "iPhone Developer";
				COPY_PHASE_STRIP = NO;
				DEBUG_INFORMATION_FORMAT = "dwarf-with-dsym";
				ENABLE_NS_ASSERTIONS = NO;
				ENABLE_STRICT_OBJC_MSGSEND = YES;
				GCC_C_LANGUAGE_STANDARD = gnu11;
				GCC_NO_COMMON_BLOCKS = YES;
				GCC_WARN_64_TO_32_BIT_CONVERSION = YES;
				GCC_WARN_ABOUT_RETURN_TYPE = YES_ERROR;
				GCC_WARN_UNDECLARED_SELECTOR = YES;
				GCC_WARN_UNINITIALIZED_AUTOS = YES_AGGRESSIVE;
				GCC_WARN_UNUSED_FUNCTION = YES;
				GCC_WARN_UNUSED_VARIABLE = YES;
				IPHONEOS_DEPLOYMENT_TARGET = 11.2;
				MTL_ENABLE_DEBUG_INFO = NO;
				SDKROOT = iphoneos;
				SWIFT_OPTIMIZATION_LEVEL = "-Owholemodule";
				VALIDATE_PRODUCT = YES;
			};
			name = Release;
		};
		0419403E219D1E4E0069B608 /* Debug */ = {
			isa = XCBuildConfiguration;
			buildSettings = {
				ASSETCATALOG_COMPILER_APPICON_NAME = AppIcon;
				CODE_SIGN_STYLE = Automatic;
				DEVELOPMENT_TEAM = DJ94Y9HT46;
				INFOPLIST_FILE = "$(SRCROOT)/ScreenSwitchNoStoryboard/Support/Info.plist";
				LD_RUNPATH_SEARCH_PATHS = "$(inherited) @executable_path/Frameworks";
				PRODUCT_BUNDLE_IDENTIFIER = com.HocSwift.ScreenSwitchNoStoryboard;
				PRODUCT_NAME = "$(TARGET_NAME)";
				SWIFT_VERSION = 4.0;
				TARGETED_DEVICE_FAMILY = "1,2";
			};
			name = Debug;
		};
		0419403F219D1E4E0069B608 /* Release */ = {
			isa = XCBuildConfiguration;
			buildSettings = {
				ASSETCATALOG_COMPILER_APPICON_NAME = AppIcon;
				CODE_SIGN_STYLE = Automatic;
				DEVELOPMENT_TEAM = DJ94Y9HT46;
				INFOPLIST_FILE = "$(SRCROOT)/ScreenSwitchNoStoryboard/Support/Info.plist";
				LD_RUNPATH_SEARCH_PATHS = "$(inherited) @executable_path/Frameworks";
				PRODUCT_BUNDLE_IDENTIFIER = com.HocSwift.ScreenSwitchNoStoryboard;
				PRODUCT_NAME = "$(TARGET_NAME)";
				SWIFT_VERSION = 4.0;
				TARGETED_DEVICE_FAMILY = "1,2";
			};
			name = Release;
		};
/* End XCBuildConfiguration section */

/* Begin XCConfigurationList section */
		04194026219D1E4E0069B608 /* Build configuration list for PBXProject "ScreenSwitchNoStoryboard" */ = {
			isa = XCConfigurationList;
			buildConfigurations = (
				0419403B219D1E4E0069B608 /* Debug */,
				0419403C219D1E4E0069B608 /* Release */,
			);
			defaultConfigurationIsVisible = 0;
			defaultConfigurationName = Release;
		};
		0419403D219D1E4E0069B608 /* Build configuration list for PBXNativeTarget "ScreenSwitchNoStoryboard" */ = {
			isa = XCConfigurationList;
			buildConfigurations = (
				0419403E219D1E4E0069B608 /* Debug */,
				0419403F219D1E4E0069B608 /* Release */,
			);
			defaultConfigurationIsVisible = 0;
			defaultConfigurationName = Release;
		};
/* End XCConfigurationList section */
	};
	rootObject = 04194023219D1E4E0069B608 /* Project object */;
}
